<?xml version="1.0" encoding="utf-8"?>
<Project ToolsVersion="4.0" xmlns="http://schemas.microsoft.com/developer/msbuild/2003">
  <ItemGroup>
    <Filter Include="Source Files">
      <UniqueIdentifier>{4FC737F1-C7A5-4376-A066-2A32D752A2FF}</UniqueIdentifier>
      <Extensions>cpp;c;cc;cxx;def;odl;idl;hpj;bat;asm;asmx</Extensions>
    </Filter>
    <Filter Include="Resource Files">
      <UniqueIdentifier>{67DA6AB6-F800-4c08-8B7A-83BB121AAD01}</UniqueIdentifier>
      <Extensions>rc;ico;cur;bmp;dlg;rc2;rct;bin;rgs;gif;jpg;jpeg;jpe;resx;tiff;tif;png;wav;mfcribbon-ms</Extensions>
    </Filter>
    <Filter Include="External">
      <UniqueIdentifier>{d023fe57-3538-43a0-89bb-5296fed568e9}</UniqueIdentifier>
    </Filter>
    <Filter Include="Source Files\objects">
      <UniqueIdentifier>{f03808b3-12aa-4a5f-94e9-c2ec38bf261a}</UniqueIdentifier>
    </Filter>
    <Filter Include="Source Files\abilities">
      <UniqueIdentifier>{48fba27a-119c-4b08-898a-e9d9d56ed9de}</UniqueIdentifier>
    </Filter>
    <Filter Include="Source Files\parameters">
      <UniqueIdentifier>{2c46d05c-3d8c-4d24-9d8a-d5e61519581d}</UniqueIdentifier>
    </Filter>
    <Filter Include="Source Files\controls">
      <UniqueIdentifier>{6efcb8e7-c9c4-46c7-bbce-6d27a269204b}</UniqueIdentifier>
    </Filter>
    <Filter Include="Source Files\contact">
      <UniqueIdentifier>{580329d4-d6f5-424e-ac9e-cc4c0c2cd45c}</UniqueIdentifier>
    </Filter>
    <Filter Include="Source Files\objects\interfaces">
      <UniqueIdentifier>{9fbe2702-2058-4e64-8f31-f0b9ba633908}</UniqueIdentifier>
    </Filter>
    <Filter Include="Source Files\abilities\interfaces">
      <UniqueIdentifier>{332dd07a-1868-4854-902c-a5bef99bd99d}</UniqueIdentifier>
    </Filter>
    <Filter Include="Source Files\helpers">
      <UniqueIdentifier>{60331e19-bc05-4cb6-99ab-04a61691a39a}</UniqueIdentifier>
    </Filter>
    <Filter Include="Source Files\objects\structures">
      <UniqueIdentifier>{963d0a14-8f84-48e7-8e6e-3a57fdb5d86d}</UniqueIdentifier>
    </Filter>
    <Filter Include="Source Files\game">
      <UniqueIdentifier>{3200704d-a51c-41c7-ae62-0b1ac4fb4d30}</UniqueIdentifier>
    </Filter>
    <Filter Include="Source Files\objects\shape">
      <UniqueIdentifier>{cc719fe3-9af4-4a14-a702-ab08f2da4509}</UniqueIdentifier>
    </Filter>
  </ItemGroup>
  <ItemGroup>
    <ClCompile Include="main.cpp">
      <Filter>Source Files</Filter>
    </ClCompile>
    <ClCompile Include="character.cpp">
      <Filter>Source Files\objects</Filter>
    </ClCompile>
    <ClCompile Include="input_state.cpp">
      <Filter>Source Files\controls</Filter>
    </ClCompile>
    <ClCompile Include="contact_event_store.cpp">
      <Filter>Source Files\contact</Filter>
    </ClCompile>
    <ClCompile Include="contact_listener.cpp">
      <Filter>Source Files\contact</Filter>
    </ClCompile>
    <ClCompile Include="math.cpp">
      <Filter>Source Files\helpers</Filter>
    </ClCompile>
    <ClCompile Include="enemies.cpp">
      <Filter>Source Files\game</Filter>
    </ClCompile>
    <ClCompile Include="game.cpp">
      <Filter>Source Files\game</Filter>
    </ClCompile>
    <ClCompile Include="shape.cpp">
      <Filter>Source Files\objects\shape</Filter>
    </ClCompile>
    <ClCompile Include="polygon_provider.cpp">
      <Filter>Source Files\objects\shape</Filter>
    </ClCompile>
    <ClCompile Include="circle_provider.cpp">
      <Filter>Source Files\objects\shape</Filter>
    </ClCompile>
    <ClCompile Include="projectile_behavior.cpp">
      <Filter>Source Files\abilities</Filter>
    </ClCompile>
    <ClCompile Include="object_identifier.cpp">
      <Filter>Source Files\objects</Filter>
    </ClCompile>
    <ClCompile Include="fps_counter.cpp">
      <Filter>Source Files</Filter>
    </ClCompile>
  </ItemGroup>
  <ItemGroup>
    <None Include="openal32.dll">
      <Filter>External</Filter>
    </None>
    <None Include="sfml-audio-2.dll">
      <Filter>External</Filter>
    </None>
    <None Include="sfml-audio-d-2.dll">
      <Filter>External</Filter>
    </None>
    <None Include="sfml-graphics-2.dll">
      <Filter>External</Filter>
    </None>
    <None Include="sfml-graphics-d-2.dll">
      <Filter>External</Filter>
    </None>
    <None Include="sfml-network-2.dll">
      <Filter>External</Filter>
    </None>
    <None Include="sfml-network-d-2.dll">
      <Filter>External</Filter>
    </None>
    <None Include="sfml-system-2.dll">
      <Filter>External</Filter>
    </None>
    <None Include="sfml-system-d-2.dll">
      <Filter>External</Filter>
    </None>
    <None Include="sfml-window-2.dll">
      <Filter>External</Filter>
    </None>
    <None Include="sfml-window-d-2.dll">
      <Filter>External</Filter>
    </None>
    <None Include="polygon_provider.h">
      <Filter>Source Files\objects\shape</Filter>
    </None>
  </ItemGroup>
  <ItemGroup>
    <ClInclude Include="projectile_ability.h">
      <Filter>Source Files\abilities</Filter>
    </ClInclude>
    <ClInclude Include="character.h">
      <Filter>Source Files\objects</Filter>
    </ClInclude>
    <ClInclude Include="contact_event_store.h">
      <Filter>Source Files\contact</Filter>
    </ClInclude>
    <ClInclude Include="constants.h">
      <Filter>Source Files\parameters</Filter>
    </ClInclude>
    <ClInclude Include="input_state.h">
      <Filter>Source Files\controls</Filter>
    </ClInclude>
    <ClInclude Include="contact_listener.h">
      <Filter>Source Files\contact</Filter>
    </ClInclude>
    <ClInclude Include="drawable.h">
      <Filter>Source Files\objects\interfaces</Filter>
    </ClInclude>
    <ClInclude Include="simulated.h">
      <Filter>Source Files\objects\interfaces</Filter>
    </ClInclude>
    <ClInclude Include="ability.h">
      <Filter>Source Files\abilities\interfaces</Filter>
    </ClInclude>
    <ClInclude Include="configuration.h">
      <Filter>Source Files\parameters</Filter>
    </ClInclude>
    <ClInclude Include="math.h">
      <Filter>Source Files\helpers</Filter>
    </ClInclude>
    <ClInclude Include="object_config.h">
      <Filter>Source Files\objects\structures</Filter>
    </ClInclude>
    <ClInclude Include="enemies.h">
      <Filter>Source Files\game</Filter>
    </ClInclude>
    <ClInclude Include="game.h">
      <Filter>Source Files\game</Filter>
    </ClInclude>
    <ClInclude Include="projectile_behavior.h">
      <Filter>Source Files\abilities</Filter>
    </ClInclude>
    <ClInclude Include="shape_definition_provider.h">
      <Filter>Source Files\objects\interfaces</Filter>
    </ClInclude>
    <ClInclude Include="shape_definition.h">
      <Filter>Source Files\objects\structures</Filter>
    </ClInclude>
    <ClInclude Include="shape.h">
      <Filter>Source Files\objects\shape</Filter>
    </ClInclude>
    <ClInclude Include="circle_provider.h">
      <Filter>Source Files\objects\shape</Filter>
    </ClInclude>
    <ClInclude Include="object_identifier.h">
      <Filter>Source Files\objects</Filter>
    </ClInclude>
    <ClInclude Include="fps_counter.h">
      <Filter>Source Files</Filter>
    </ClInclude>
  </ItemGroup>
</Project>